
Microsoft Visual Studio Solution File, Format Version 12.00
# Visual Studio 15
VisualStudioVersion = 15.0.28307.645
MinimumVisualStudioVersion = 10.0.40219.1
Project("{888888A0-9F3D-457C-B088-3A5042F75D52}") = "TrainRotationOrder", "TrainRotationOrder\TrainRotationOrder.pyproj", "{B7973121-CBDF-4803-9ED9-E56E35C5A945}"
EndProject
Project("{9A19103F-16F7-4668-BE54-9A1E7A4F7556}") = "SRODecoderEngine", "SRODecoderEngine\SRODecoderEngine.csproj", "{9D104135-69E3-452F-A1E4-F7E0032BA68B}"
EndProject
Project("{9A19103F-16F7-4668-BE54-9A1E7A4F7556}") = "SRODecoderEngineTest", "SRODecoderEngineTest\SRODecoderEngineTest.csproj", "{573E6AD3-0F0A-4CA8-B75E-CC185082C74B}"
EndProject
Project("{6EC3EE1D-3C4E-46DD-8F32-0CC8E7565705}") = "FsSroDecoderEngine", "FsSRODecoderEngine\FsSroDecoderEngine.fsproj", "{579B6034-ED86-404B-819E-F2BAAB11D9F1}"
EndProject
Project("{2150E333-8FDC-42A3-9474-1A3956D46DE8}") = "PythonWrapper", "PythonWrapper", "{BFE23393-1072-47FA-A2FF-4B2790B952BE}"
EndProject
Project("{2150E333-8FDC-42A3-9474-1A3956D46DE8}") = "DecoderUI", "DecoderUI", "{83193347-ECE4-48B8-A8F2-D278FD226907}"
EndProject
Project("{FAE04EC0-301F-11D3-BF4B-00C04F79EFBC}") = "SRODecoderWebApp", "DecoderUI\SRODecoderWebApp\SRODecoderWebApp.csproj", "{8C78CC1A-A9E7-4DA9-A8F1-92D8D313874A}"
EndProject
Project("{FAE04EC0-301F-11D3-BF4B-00C04F79EFBC}") = "CommandLineReverse", "PythonWrapper\CommandLineReverse\CommandLineReverse.csproj", "{F780E7A1-1A00-4E85-AB8A-D84CCE75B8E8}"
EndProject
Project("{F2A71F9B-5D33-465A-A702-920D77279786}") = "FsTestAsyncShellClient", "PythonWrapper\FsAsyncShellClient\FsTestAsyncShellClient.fsproj", "{D58E7D4D-B433-47B6-8296-272AD4E6F2B4}"
EndProject
Project("{888888A0-9F3D-457C-B088-3A5042F75D52}") = "PythonReverse", "PythonWrapper\PythonReverse\PythonReverse.pyproj", "{ABB4FE25-4556-45D3-9FF3-3B921110D555}"
EndProject
Project("{FAE04EC0-301F-11D3-BF4B-00C04F79EFBC}") = "Elmish.DecoderUI.Views", "DecoderUI\Elmish.DecoderUI.Views\Elmish.DecoderUI.Views.csproj", "{2A6BFA70-7FA7-4223-9461-F574AB070377}"
EndProject
Project("{F2A71F9B-5D33-465A-A702-920D77279786}") = "Elmish.DecoderUI", "DecoderUI\Elmish.DecoderUI\Elmish.DecoderUI.fsproj", "{A9E131F5-31C6-4BCA-9EFD-97DE3B4F5B02}"
EndProject
Project("{888888A0-9F3D-457C-B088-3A5042F75D52}") = "TableDomainModel", "TableDomainModel\TableDomainModel.pyproj", "{124361BA-0E53-4AF3-8F48-258CEFA1F22E}"
EndProject
Global
	GlobalSection(SolutionConfigurationPlatforms) = preSolution
		Debug|Any CPU = Debug|Any CPU
		Release|Any CPU = Release|Any CPU
	EndGlobalSection
	GlobalSection(ProjectConfigurationPlatforms) = postSolution
		{B7973121-CBDF-4803-9ED9-E56E35C5A945}.Debug|Any CPU.ActiveCfg = Debug|Any CPU
		{B7973121-CBDF-4803-9ED9-E56E35C5A945}.Release|Any CPU.ActiveCfg = Release|Any CPU
		{9D104135-69E3-452F-A1E4-F7E0032BA68B}.Debug|Any CPU.ActiveCfg = Debug|Any CPU
		{9D104135-69E3-452F-A1E4-F7E0032BA68B}.Debug|Any CPU.Build.0 = Debug|Any CPU
		{9D104135-69E3-452F-A1E4-F7E0032BA68B}.Release|Any CPU.ActiveCfg = Release|Any CPU
		{9D104135-69E3-452F-A1E4-F7E0032BA68B}.Release|Any CPU.Build.0 = Release|Any CPU
		{573E6AD3-0F0A-4CA8-B75E-CC185082C74B}.Debug|Any CPU.ActiveCfg = Debug|Any CPU
		{573E6AD3-0F0A-4CA8-B75E-CC185082C74B}.Debug|Any CPU.Build.0 = Debug|Any CPU
		{573E6AD3-0F0A-4CA8-B75E-CC185082C74B}.Release|Any CPU.ActiveCfg = Release|Any CPU
		{573E6AD3-0F0A-4CA8-B75E-CC185082C74B}.Release|Any CPU.Build.0 = Release|Any CPU
		{579B6034-ED86-404B-819E-F2BAAB11D9F1}.Debug|Any CPU.ActiveCfg = Debug|Any CPU
		{579B6034-ED86-404B-819E-F2BAAB11D9F1}.Debug|Any CPU.Build.0 = Debug|Any CPU
		{579B6034-ED86-404B-819E-F2BAAB11D9F1}.Release|Any CPU.ActiveCfg = Release|Any CPU
		{579B6034-ED86-404B-819E-F2BAAB11D9F1}.Release|Any CPU.Build.0 = Release|Any CPU
		{8C78CC1A-A9E7-4DA9-A8F1-92D8D313874A}.Debug|Any CPU.ActiveCfg = Debug|Any CPU
		{8C78CC1A-A9E7-4DA9-A8F1-92D8D313874A}.Debug|Any CPU.Build.0 = Debug|Any CPU
		{8C78CC1A-A9E7-4DA9-A8F1-92D8D313874A}.Release|Any CPU.ActiveCfg = Release|Any CPU
		{8C78CC1A-A9E7-4DA9-A8F1-92D8D313874A}.Release|Any CPU.Build.0 = Release|Any CPU
		{F780E7A1-1A00-4E85-AB8A-D84CCE75B8E8}.Debug|Any CPU.ActiveCfg = Debug|Any CPU
		{F780E7A1-1A00-4E85-AB8A-D84CCE75B8E8}.Debug|Any CPU.Build.0 = Debug|Any CPU
		{F780E7A1-1A00-4E85-AB8A-D84CCE75B8E8}.Release|Any CPU.ActiveCfg = Release|Any CPU
		{F780E7A1-1A00-4E85-AB8A-D84CCE75B8E8}.Release|Any CPU.Build.0 = Release|Any CPU
		{D58E7D4D-B433-47B6-8296-272AD4E6F2B4}.Debug|Any CPU.ActiveCfg = Debug|Any CPU
		{D58E7D4D-B433-47B6-8296-272AD4E6F2B4}.Debug|Any CPU.Build.0 = Debug|Any CPU
		{D58E7D4D-B433-47B6-8296-272AD4E6F2B4}.Release|Any CPU.ActiveCfg = Release|Any CPU
		{D58E7D4D-B433-47B6-8296-272AD4E6F2B4}.Release|Any CPU.Build.0 = Release|Any CPU
		{ABB4FE25-4556-45D3-9FF3-3B921110D555}.Debug|Any CPU.ActiveCfg = Debug|Any CPU
		{ABB4FE25-4556-45D3-9FF3-3B921110D555}.Release|Any CPU.ActiveCfg = Release|Any CPU
		{2A6BFA70-7FA7-4223-9461-F574AB070377}.Debug|Any CPU.ActiveCfg = Debug|Any CPU
		{2A6BFA70-7FA7-4223-9461-F574AB070377}.Debug|Any CPU.Build.0 = Debug|Any CPU
		{2A6BFA70-7FA7-4223-9461-F574AB070377}.Release|Any CPU.ActiveCfg = Release|Any CPU
		{2A6BFA70-7FA7-4223-9461-F574AB070377}.Release|Any CPU.Build.0 = Release|Any CPU
		{A9E131F5-31C6-4BCA-9EFD-97DE3B4F5B02}.Debug|Any CPU.ActiveCfg = Debug|Any CPU
		{A9E131F5-31C6-4BCA-9EFD-97DE3B4F5B02}.Debug|Any CPU.Build.0 = Debug|Any CPU
		{A9E131F5-31C6-4BCA-9EFD-97DE3B4F5B02}.Release|Any CPU.ActiveCfg = Release|Any CPU
		{A9E131F5-31C6-4BCA-9EFD-97DE3B4F5B02}.Release|Any CPU.Build.0 = Release|Any CPU
		{124361BA-0E53-4AF3-8F48-258CEFA1F22E}.Debug|Any CPU.ActiveCfg = Debug|Any CPU
		{124361BA-0E53-4AF3-8F48-258CEFA1F22E}.Release|Any CPU.ActiveCfg = Release|Any CPU
	EndGlobalSection
	GlobalSection(SolutionProperties) = preSolution
		HideSolutionNode = FALSE
	EndGlobalSection
	GlobalSection(NestedProjects) = preSolution
		{8C78CC1A-A9E7-4DA9-A8F1-92D8D313874A} = {83193347-ECE4-48B8-A8F2-D278FD226907}
		{F780E7A1-1A00-4E85-AB8A-D84CCE75B8E8} = {BFE23393-1072-47FA-A2FF-4B2790B952BE}
		{D58E7D4D-B433-47B6-8296-272AD4E6F2B4} = {BFE23393-1072-47FA-A2FF-4B2790B952BE}
		{ABB4FE25-4556-45D3-9FF3-3B921110D555} = {BFE23393-1072-47FA-A2FF-4B2790B952BE}
		{2A6BFA70-7FA7-4223-9461-F574AB070377} = {83193347-ECE4-48B8-A8F2-D278FD226907}
		{A9E131F5-31C6-4BCA-9EFD-97DE3B4F5B02} = {83193347-ECE4-48B8-A8F2-D278FD226907}
	EndGlobalSection
	GlobalSection(ExtensibilityGlobals) = postSolution
		SolutionGuid = {E8ED70C5-78A2-4855-99F3-30FA0C7FB536}
	EndGlobalSection
EndGlobal
