
Microsoft Visual Studio Solution File, Format Version 12.00
# Visual Studio 15
VisualStudioVersion = 15.0.28307.645
MinimumVisualStudioVersion = 10.0.40219.1
Project("{888888A0-9F3D-457C-B088-3A5042F75D52}") = "TrainRotationOrder", "TrainRotationOrder\TrainRotationOrder.pyproj", "{B7973121-CBDF-4803-9ED9-E56E35C5A945}"
EndProject
Project("{9A19103F-16F7-4668-BE54-9A1E7A4F7556}") = "SRODecoderEngine", "SRODecoderEngine\SRODecoderEngine.csproj", "{9D104135-69E3-452F-A1E4-F7E0032BA68B}"
EndProject
Project("{9A19103F-16F7-4668-BE54-9A1E7A4F7556}") = "SRODecoderEngineTest", "SRODecoderEngineTest\SRODecoderEngineTest.csproj", "{573E6AD3-0F0A-4CA8-B75E-CC185082C74B}"
EndProject
Project("{6EC3EE1D-3C4E-46DD-8F32-0CC8E7565705}") = "FsSRODecoderEngine", "FsSRODecoderEngine\FsSRODecoderEngine.fsproj", "{579B6034-ED86-404B-819E-F2BAAB11D9F1}"
EndProject
Project("{FAE04EC0-301F-11D3-BF4B-00C04F79EFBC}") = "SRODecoderWebApp", "SRODecoderWebApp\SRODecoderWebApp.csproj", "{8C78CC1A-A9E7-4DA9-A8F1-92D8D313874A}"
EndProject
Global
	GlobalSection(SolutionConfigurationPlatforms) = preSolution
		Debug|Any CPU = Debug|Any CPU
		Release|Any CPU = Release|Any CPU
	EndGlobalSection
	GlobalSection(ProjectConfigurationPlatforms) = postSolution
		{B7973121-CBDF-4803-9ED9-E56E35C5A945}.Debug|Any CPU.ActiveCfg = Debug|Any CPU
		{B7973121-CBDF-4803-9ED9-E56E35C5A945}.Release|Any CPU.ActiveCfg = Release|Any CPU
		{9D104135-69E3-452F-A1E4-F7E0032BA68B}.Debug|Any CPU.ActiveCfg = Debug|Any CPU
		{9D104135-69E3-452F-A1E4-F7E0032BA68B}.Debug|Any CPU.Build.0 = Debug|Any CPU
		{9D104135-69E3-452F-A1E4-F7E0032BA68B}.Release|Any CPU.ActiveCfg = Release|Any CPU
		{9D104135-69E3-452F-A1E4-F7E0032BA68B}.Release|Any CPU.Build.0 = Release|Any CPU
		{573E6AD3-0F0A-4CA8-B75E-CC185082C74B}.Debug|Any CPU.ActiveCfg = Debug|Any CPU
		{573E6AD3-0F0A-4CA8-B75E-CC185082C74B}.Debug|Any CPU.Build.0 = Debug|Any CPU
		{573E6AD3-0F0A-4CA8-B75E-CC185082C74B}.Release|Any CPU.ActiveCfg = Release|Any CPU
		{573E6AD3-0F0A-4CA8-B75E-CC185082C74B}.Release|Any CPU.Build.0 = Release|Any CPU
		{579B6034-ED86-404B-819E-F2BAAB11D9F1}.Debug|Any CPU.ActiveCfg = Debug|Any CPU
		{579B6034-ED86-404B-819E-F2BAAB11D9F1}.Debug|Any CPU.Build.0 = Debug|Any CPU
		{579B6034-ED86-404B-819E-F2BAAB11D9F1}.Release|Any CPU.ActiveCfg = Release|Any CPU
		{579B6034-ED86-404B-819E-F2BAAB11D9F1}.Release|Any CPU.Build.0 = Release|Any CPU
		{8C78CC1A-A9E7-4DA9-A8F1-92D8D313874A}.Debug|Any CPU.ActiveCfg = Debug|Any CPU
		{8C78CC1A-A9E7-4DA9-A8F1-92D8D313874A}.Debug|Any CPU.Build.0 = Debug|Any CPU
		{8C78CC1A-A9E7-4DA9-A8F1-92D8D313874A}.Release|Any CPU.ActiveCfg = Release|Any CPU
		{8C78CC1A-A9E7-4DA9-A8F1-92D8D313874A}.Release|Any CPU.Build.0 = Release|Any CPU
	EndGlobalSection
	GlobalSection(SolutionProperties) = preSolution
		HideSolutionNode = FALSE
	EndGlobalSection
	GlobalSection(ExtensibilityGlobals) = postSolution
		SolutionGuid = {E8ED70C5-78A2-4855-99F3-30FA0C7FB536}
	EndGlobalSection
EndGlobal
